// !$*UTF8*$!
{
	archiveVersion = 1;
	classes = {
	};
	objectVersion = 46;
	objects = {

/* Begin PBXBuildFile section */
		977A1D1A1ECFEAAC0078EBF1 /* FlagKit.xcassets in Resources */ = {isa = PBXBuildFile; fileRef = 977A1D191ECFEAAC0078EBF1 /* FlagKit.xcassets */; };
		977A1D1D1ED02ABB0078EBF1 /* CountryViewController.m in Sources */ = {isa = PBXBuildFile; fileRef = 977A1D1C1ED02ABB0078EBF1 /* CountryViewController.m */; };
		977A1D201ED02BE30078EBF1 /* CountryListViewController.m in Sources */ = {isa = PBXBuildFile; fileRef = 977A1D1F1ED02BE30078EBF1 /* CountryListViewController.m */; };
		977A1D251ED035080078EBF1 /* Country.m in Sources */ = {isa = PBXBuildFile; fileRef = 977A1D241ED035080078EBF1 /* Country.m */; };
		9DE0D6CA1ECEED010089C0F9 /* main.m in Sources */ = {isa = PBXBuildFile; fileRef = 9DE0D6C91ECEED010089C0F9 /* main.m */; };
		9DE0D6CD1ECEED010089C0F9 /* AppDelegate.m in Sources */ = {isa = PBXBuildFile; fileRef = 9DE0D6CC1ECEED010089C0F9 /* AppDelegate.m */; };
		9DE0D6D01ECEED010089C0F9 /* MainViewController.m in Sources */ = {isa = PBXBuildFile; fileRef = 9DE0D6CF1ECEED010089C0F9 /* MainViewController.m */; };
		9DE0D6D31ECEED010089C0F9 /* Main.storyboard in Resources */ = {isa = PBXBuildFile; fileRef = 9DE0D6D11ECEED010089C0F9 /* Main.storyboard */; };
		9DE0D6D51ECEED010089C0F9 /* Assets.xcassets in Resources */ = {isa = PBXBuildFile; fileRef = 9DE0D6D41ECEED010089C0F9 /* Assets.xcassets */; };
		9DE0D6D81ECEED010089C0F9 /* LaunchScreen.storyboard in Resources */ = {isa = PBXBuildFile; fileRef = 9DE0D6D61ECEED010089C0F9 /* LaunchScreen.storyboard */; };
/* End PBXBuildFile section */

/* Begin PBXFileReference section */
		977A1D191ECFEAAC0078EBF1 /* FlagKit.xcassets */ = {isa = PBXFileReference; lastKnownFileType = folder.assetcatalog; path = FlagKit.xcassets; sourceTree = "<group>"; };
		977A1D1B1ED02ABB0078EBF1 /* CountryViewController.h */ = {isa = PBXFileReference; fileEncoding = 4; lastKnownFileType = sourcecode.c.h; path = CountryViewController.h; sourceTree = "<group>"; };
		977A1D1C1ED02ABB0078EBF1 /* CountryViewController.m */ = {isa = PBXFileReference; fileEncoding = 4; lastKnownFileType = sourcecode.c.objc; path = CountryViewController.m; sourceTree = "<group>"; };
		977A1D1E1ED02BE30078EBF1 /* CountryListViewController.h */ = {isa = PBXFileReference; fileEncoding = 4; lastKnownFileType = sourcecode.c.h; path = CountryListViewController.h; sourceTree = "<group>"; };
		977A1D1F1ED02BE30078EBF1 /* CountryListViewController.m */ = {isa = PBXFileReference; fileEncoding = 4; lastKnownFileType = sourcecode.c.objc; path = CountryListViewController.m; sourceTree = "<group>"; };
		977A1D231ED035080078EBF1 /* Country.h */ = {isa = PBXFileReference; fileEncoding = 4; lastKnownFileType = sourcecode.c.h; path = Country.h; sourceTree = "<group>"; };
		977A1D241ED035080078EBF1 /* Country.m */ = {isa = PBXFileReference; fileEncoding = 4; lastKnownFileType = sourcecode.c.objc; path = Country.m; sourceTree = "<group>"; };
		9DE0D6C51ECEED010089C0F9 /* CountryBucketList.app */ = {isa = PBXFileReference; explicitFileType = wrapper.application; includeInIndex = 0; path = CountryBucketList.app; sourceTree = BUILT_PRODUCTS_DIR; };
		9DE0D6C91ECEED010089C0F9 /* main.m */ = {isa = PBXFileReference; lastKnownFileType = sourcecode.c.objc; path = main.m; sourceTree = "<group>"; };
		9DE0D6CB1ECEED010089C0F9 /* AppDelegate.h */ = {isa = PBXFileReference; lastKnownFileType = sourcecode.c.h; path = AppDelegate.h; sourceTree = "<group>"; };
		9DE0D6CC1ECEED010089C0F9 /* AppDelegate.m */ = {isa = PBXFileReference; lastKnownFileType = sourcecode.c.objc; path = AppDelegate.m; sourceTree = "<group>"; };
		9DE0D6CE1ECEED010089C0F9 /* MainViewController.h */ = {isa = PBXFileReference; lastKnownFileType = sourcecode.c.h; path = MainViewController.h; sourceTree = "<group>"; };
		9DE0D6CF1ECEED010089C0F9 /* MainViewController.m */ = {isa = PBXFileReference; lastKnownFileType = sourcecode.c.objc; path = MainViewController.m; sourceTree = "<group>"; };
		9DE0D6D21ECEED010089C0F9 /* Base */ = {isa = PBXFileReference; lastKnownFileType = file.storyboard; name = Base; path = Base.lproj/Main.storyboard; sourceTree = "<group>"; };
		9DE0D6D41ECEED010089C0F9 /* Assets.xcassets */ = {isa = PBXFileReference; lastKnownFileType = folder.assetcatalog; path = Assets.xcassets; sourceTree = "<group>"; };
		9DE0D6D71ECEED010089C0F9 /* Base */ = {isa = PBXFileReference; lastKnownFileType = file.storyboard; name = Base; path = Base.lproj/LaunchScreen.storyboard; sourceTree = "<group>"; };
		9DE0D6D91ECEED010089C0F9 /* Info.plist */ = {isa = PBXFileReference; lastKnownFileType = text.plist.xml; path = Info.plist; sourceTree = "<group>"; };
/* End PBXFileReference section */

/* Begin PBXFrameworksBuildPhase section */
		9DE0D6C21ECEED010089C0F9 /* Frameworks */ = {
			isa = PBXFrameworksBuildPhase;
			buildActionMask = 2147483647;
			files = (
			);
			runOnlyForDeploymentPostprocessing = 0;
		};
/* End PBXFrameworksBuildPhase section */

/* Begin PBXGroup section */
		977A1D211ED0349B0078EBF1 /* View Controllers */ = {
			isa = PBXGroup;
			children = (
				9DE0D6CE1ECEED010089C0F9 /* MainViewController.h */,
				9DE0D6CF1ECEED010089C0F9 /* MainViewController.m */,
				977A1D1E1ED02BE30078EBF1 /* CountryListViewController.h */,
				977A1D1F1ED02BE30078EBF1 /* CountryListViewController.m */,
				977A1D1B1ED02ABB0078EBF1 /* CountryViewController.h */,
				977A1D1C1ED02ABB0078EBF1 /* CountryViewController.m */,
			);
			path = "View Controllers";
			sourceTree = "<group>";
		};
		977A1D221ED034E60078EBF1 /* Models */ = {
			isa = PBXGroup;
			children = (
				977A1D231ED035080078EBF1 /* Country.h */,
				977A1D241ED035080078EBF1 /* Country.m */,
			);
			path = Models;
			sourceTree = "<group>";
		};
		9DE0D6BC1ECEED010089C0F9 = {
			isa = PBXGroup;
			children = (
				9DE0D6C71ECEED010089C0F9 /* CountryBucketList */,
				9DE0D6C61ECEED010089C0F9 /* Products */,
			);
			sourceTree = "<group>";
		};
		9DE0D6C61ECEED010089C0F9 /* Products */ = {
			isa = PBXGroup;
			children = (
				9DE0D6C51ECEED010089C0F9 /* CountryBucketList.app */,
			);
			name = Products;
			sourceTree = "<group>";
		};
		9DE0D6C71ECEED010089C0F9 /* CountryBucketList */ = {
			isa = PBXGroup;
			children = (
				9DE0D6D61ECEED010089C0F9 /* LaunchScreen.storyboard */,
				9DE0D6D11ECEED010089C0F9 /* Main.storyboard */,
				9DE0D6CB1ECEED010089C0F9 /* AppDelegate.h */,
				9DE0D6CC1ECEED010089C0F9 /* AppDelegate.m */,
				977A1D221ED034E60078EBF1 /* Models */,
				977A1D211ED0349B0078EBF1 /* View Controllers */,
				9DE0D6D41ECEED010089C0F9 /* Assets.xcassets */,
				977A1D191ECFEAAC0078EBF1 /* FlagKit.xcassets */,
				9DE0D6D91ECEED010089C0F9 /* Info.plist */,
				9DE0D6C81ECEED010089C0F9 /* Supporting Files */,
			);
			path = CountryBucketList;
			sourceTree = "<group>";
		};
		9DE0D6C81ECEED010089C0F9 /* Supporting Files */ = {
			isa = PBXGroup;
			children = (
				9DE0D6C91ECEED010089C0F9 /* main.m */,
			);
			name = "Supporting Files";
			sourceTree = "<group>";
		};
/* End PBXGroup section */

/* Begin PBXNativeTarget section */
		9DE0D6C41ECEED010089C0F9 /* CountryBucketList */ = {
			isa = PBXNativeTarget;
			buildConfigurationList = 9DE0D6DC1ECEED010089C0F9 /* Build configuration list for PBXNativeTarget "CountryBucketList" */;
			buildPhases = (
				9DE0D6C11ECEED010089C0F9 /* Sources */,
				9DE0D6C21ECEED010089C0F9 /* Frameworks */,
				9DE0D6C31ECEED010089C0F9 /* Resources */,
			);
			buildRules = (
			);
			dependencies = (
			);
			name = CountryBucketList;
			productName = CountryBucketList;
			productReference = 9DE0D6C51ECEED010089C0F9 /* CountryBucketList.app */;
			productType = "com.apple.product-type.application";
		};
/* End PBXNativeTarget section */

/* Begin PBXProject section */
		9DE0D6BD1ECEED010089C0F9 /* Project object */ = {
			isa = PBXProject;
			attributes = {
				LastUpgradeCheck = 0820;
				ORGANIZATIONNAME = "Diel Barnes";
				TargetAttributes = {
					9DE0D6C41ECEED010089C0F9 = {
						CreatedOnToolsVersion = 8.2.1;
						DevelopmentTeam = 6DZGSGTVV9;
						ProvisioningStyle = Automatic;
					};
				};
			};
			buildConfigurationList = 9DE0D6C01ECEED010089C0F9 /* Build configuration list for PBXProject "CountryBucketList" */;
			compatibilityVersion = "Xcode 3.2";
			developmentRegion = English;
			hasScannedForEncodings = 0;
			knownRegions = (
				en,
				Base,
			);
			mainGroup = 9DE0D6BC1ECEED010089C0F9;
			productRefGroup = 9DE0D6C61ECEED010089C0F9 /* Products */;
			projectDirPath = "";
			projectRoot = "";
			targets = (
				9DE0D6C41ECEED010089C0F9 /* CountryBucketList */,
			);
		};
/* End PBXProject section */

/* Begin PBXResourcesBuildPhase section */
		9DE0D6C31ECEED010089C0F9 /* Resources */ = {
			isa = PBXResourcesBuildPhase;
			buildActionMask = 2147483647;
			files = (
				9DE0D6D81ECEED010089C0F9 /* LaunchScreen.storyboard in Resources */,
				9DE0D6D51ECEED010089C0F9 /* Assets.xcassets in Resources */,
				977A1D1A1ECFEAAC0078EBF1 /* FlagKit.xcassets in Resources */,
				9DE0D6D31ECEED010089C0F9 /* Main.storyboard in Resources */,
			);
			runOnlyForDeploymentPostprocessing = 0;
		};
/* End PBXResourcesBuildPhase section */

/* Begin PBXSourcesBuildPhase section */
		9DE0D6C11ECEED010089C0F9 /* Sources */ = {
			isa = PBXSourcesBuildPhase;
			buildActionMask = 2147483647;
			files = (
				9DE0D6D01ECEED010089C0F9 /* MainViewController.m in Sources */,
				977A1D1D1ED02ABB0078EBF1 /* CountryViewController.m in Sources */,
				9DE0D6CD1ECEED010089C0F9 /* AppDelegate.m in Sources */,
				977A1D201ED02BE30078EBF1 /* CountryListViewController.m in Sources */,
				977A1D251ED035080078EBF1 /* Country.m in Sources */,
				9DE0D6CA1ECEED010089C0F9 /* main.m in Sources */,
			);
			runOnlyForDeploymentPostprocessing = 0;
		};
/* End PBXSourcesBuildPhase section */

/* Begin PBXVariantGroup section */
		9DE0D6D11ECEED010089C0F9 /* Main.storyboard */ = {
			isa = PBXVariantGroup;
			children = (
				9DE0D6D21ECEED010089C0F9 /* Base */,
			);
			name = Main.storyboard;
			sourceTree = "<group>";
		};
		9DE0D6D61ECEED010089C0F9 /* LaunchScreen.storyboard */ = {
			isa = PBXVariantGroup;
			children = (
				9DE0D6D71ECEED010089C0F9 /* Base */,
			);
			name = LaunchScreen.storyboard;
			sourceTree = "<group>";
		};
/* End PBXVariantGroup section */

/* Begin XCBuildConfiguration section */
		9DE0D6DA1ECEED010089C0F9 /* Debug */ = {
			isa = XCBuildConfiguration;
			buildSettings = {
				ALWAYS_SEARCH_USER_PATHS = NO;
				CLANG_ANALYZER_NONNULL = YES;
				CLANG_CXX_LANGUAGE_STANDARD = "gnu++0x";
				CLANG_CXX_LIBRARY = "libc++";
				CLANG_ENABLE_MODULES = YES;
				CLANG_ENABLE_OBJC_ARC = YES;
				CLANG_WARN_BOOL_CONVERSION = YES;
				CLANG_WARN_CONSTANT_CONVERSION = YES;
				CLANG_WARN_DIRECT_OBJC_ISA_USAGE = YES_ERROR;
				CLANG_WARN_DOCUMENTATION_COMMENTS = YES;
				CLANG_WARN_EMPTY_BODY = YES;
				CLANG_WARN_ENUM_CONVERSION = YES;
				CLANG_WARN_INFINITE_RECURSION = YES;
				CLANG_WARN_INT_CONVERSION = YES;
				CLANG_WARN_OBJC_ROOT_CLASS = YES_ERROR;
				CLANG_WARN_SUSPICIOUS_MOVE = YES;
				CLANG_WARN_UNREACHABLE_CODE = YES;
				CLANG_WARN__DUPLICATE_METHOD_MATCH = YES;
				"CODE_SIGN_IDENTITY[sdk=iphoneos*]" = "iPhone Developer";
				COPY_PHASE_STRIP = NO;
				DEBUG_INFORMATION_FORMAT = dwarf;
				ENABLE_STRICT_OBJC_MSGSEND = YES;
				ENABLE_TESTABILITY = YES;
				GCC_C_LANGUAGE_STANDARD = gnu99;
				GCC_DYNAMIC_NO_PIC = NO;
				GCC_NO_COMMON_BLOCKS = YES;
				GCC_OPTIMIZATION_LEVEL = 0;
				GCC_PREPROCESSOR_DEFINITIONS = (
					"DEBUG=1",
					"$(inherited)",
				);
				GCC_WARN_64_TO_32_BIT_CONVERSION = YES;
				GCC_WARN_ABOUT_RETURN_TYPE = YES_ERROR;
				GCC_WARN_UNDECLARED_SELECTOR = YES;
				GCC_WARN_UNINITIALIZED_AUTOS = YES_AGGRESSIVE;
				GCC_WARN_UNUSED_FUNCTION = YES;
				GCC_WARN_UNUSED_VARIABLE = YES;
				IPHONEOS_DEPLOYMENT_TARGET = 10.2;
				MTL_ENABLE_DEBUG_INFO = YES;
				ONLY_ACTIVE_ARCH = YES;
				SDKROOT = iphoneos;
				TARGETED_DEVICE_FAMILY = "1,2";
			};
			name = Debug;
		};
		9DE0D6DB1ECEED010089C0F9 /* Release */ = {
			isa = XCBuildConfiguration;
			buildSettings = {
				ALWAYS_SEARCH_USER_PATHS = NO;
				CLANG_ANALYZER_NONNULL = YES;
				CLANG_CXX_LANGUAGE_STANDARD = "gnu++0x";
				CLANG_CXX_LIBRARY = "libc++";
				CLANG_ENABLE_MODULES = YES;
				CLANG_ENABLE_OBJC_ARC = YES;
				CLANG_WARN_BOOL_CONVERSION = YES;
				CLANG_WARN_CONSTANT_CONVERSION = YES;
				CLANG_WARN_DIRECT_OBJC_ISA_USAGE = YES_ERROR;
				CLANG_WARN_DOCUMENTATION_COMMENTS = YES;
				CLANG_WARN_EMPTY_BODY = YES;
				CLANG_WARN_ENUM_CONVERSION = YES;
				CLANG_WARN_INFINITE_RECURSION = YES;
				CLANG_WARN_INT_CONVERSION = YES;
				CLANG_WARN_OBJC_ROOT_CLASS = YES_ERROR;
				CLANG_WARN_SUSPICIOUS_MOVE = YES;
				CLANG_WARN_UNREACHABLE_CODE = YES;
				CLANG_WARN__DUPLICATE_METHOD_MATCH = YES;
				"CODE_SIGN_IDENTITY[sdk=iphoneos*]" = "iPhone Developer";
				COPY_PHASE_STRIP = NO;
				DEBUG_INFORMATION_FORMAT = "dwarf-with-dsym";
				ENABLE_NS_ASSERTIONS = NO;
				ENABLE_STRICT_OBJC_MSGSEND = YES;
				GCC_C_LANGUAGE_STANDARD = gnu99;
				GCC_NO_COMMON_BLOCKS = YES;
				GCC_WARN_64_TO_32_BIT_CONVERSION = YES;
				GCC_WARN_ABOUT_RETURN_TYPE = YES_ERROR;
				GCC_WARN_UNDECLARED_SELECTOR = YES;
				GCC_WARN_UNINITIALIZED_AUTOS = YES_AGGRESSIVE;
				GCC_WARN_UNUSED_FUNCTION = YES;
				GCC_WARN_UNUSED_VARIABLE = YES;
				IPHONEOS_DEPLOYMENT_TARGET = 10.2;
				MTL_ENABLE_DEBUG_INFO = NO;
				SDKROOT = iphoneos;
				TARGETED_DEVICE_FAMILY = "1,2";
				VALIDATE_PRODUCT = YES;
			};
			name = Release;
		};
		9DE0D6DD1ECEED010089C0F9 /* Debug */ = {
			isa = XCBuildConfiguration;
			buildSettings = {
				ASSETCATALOG_COMPILER_APPICON_NAME = AppIcon;
				"CODE_SIGN_IDENTITY[sdk=iphoneos*]" = "iPhone Developer";
				DEVELOPMENT_TEAM = 6DZGSGTVV9;
				INFOPLIST_FILE = CountryBucketList/Info.plist;
				IPHONEOS_DEPLOYMENT_TARGET = 10.0;
				LD_RUNPATH_SEARCH_PATHS = "$(inherited) @executable_path/Frameworks";
				PRODUCT_BUNDLE_IDENTIFIER = com.dielbarnes.CountryBucketList;
				PRODUCT_NAME = "$(TARGET_NAME)";
			};
			name = Debug;
		};
		9DE0D6DE1ECEED010089C0F9 /* Release */ = {
			isa = XCBuildConfiguration;
			buildSettings = {
				ASSETCATALOG_COMPILER_APPICON_NAME = AppIcon;
				"CODE_SIGN_IDENTITY[sdk=iphoneos*]" = "iPhone Developer";
				DEVELOPMENT_TEAM = 6DZGSGTVV9;
				INFOPLIST_FILE = CountryBucketList/Info.plist;
				IPHONEOS_DEPLOYMENT_TARGET = 10.0;
				LD_RUNPATH_SEARCH_PATHS = "$(inherited) @executable_path/Frameworks";
				PRODUCT_BUNDLE_IDENTIFIER = com.dielbarnes.CountryBucketList;
				PRODUCT_NAME = "$(TARGET_NAME)";
			};
			name = Release;
		};
/* End XCBuildConfiguration section */

/* Begin XCConfigurationList section */
		9DE0D6C01ECEED010089C0F9 /* Build configuration list for PBXProject "CountryBucketList" */ = {
			isa = XCConfigurationList;
			buildConfigurations = (
				9DE0D6DA1ECEED010089C0F9 /* Debug */,
				9DE0D6DB1ECEED010089C0F9 /* Release */,
			);
			defaultConfigurationIsVisible = 0;
			defaultConfigurationName = Release;
		};
		9DE0D6DC1ECEED010089C0F9 /* Build configuration list for PBXNativeTarget "CountryBucketList" */ = {
			isa = XCConfigurationList;
			buildConfigurations = (
				9DE0D6DD1ECEED010089C0F9 /* Debug */,
				9DE0D6DE1ECEED010089C0F9 /* Release */,
			);
			defaultConfigurationIsVisible = 0;
			defaultConfigurationName = Release;
		};
/* End XCConfigurationList section */
	};
	rootObject = 9DE0D6BD1ECEED010089C0F9 /* Project object */;
}
